
Microsoft Visual Studio Solution File, Format Version 12.00
# Visual Studio 15
VisualStudioVersion = 15.0.27428.2037
MinimumVisualStudioVersion = 10.0.40219.1
Project("{FAE04EC0-301F-11D3-BF4B-00C04F79EFBC}") = "WebSiteAdvantage.KeePass.Firefox.Converter", "WebSiteAdvantage.KeePass.Firefox.Converter\WebSiteAdvantage.KeePass.Firefox.Converter.csproj", "{1A4E94F3-EA34-4E30-BD31-9779B5A7D549}"
EndProject
Project("{FAE04EC0-301F-11D3-BF4B-00C04F79EFBC}") = "WebSiteAdvantage.KeePass.Firefox", "WebSiteAdvantage.KeePass.Firefox\WebSiteAdvantage.KeePass.Firefox\WebSiteAdvantage.KeePass.Firefox.csproj", "{C2CE32F2-A994-4645-92AB-EF89A13BD422}"
EndProject
Global
	GlobalSection(SolutionConfigurationPlatforms) = preSolution
		Debug|Any CPU = Debug|Any CPU
		Release|Any CPU = Release|Any CPU
	EndGlobalSection
	GlobalSection(ProjectConfigurationPlatforms) = postSolution
		{1A4E94F3-EA34-4E30-BD31-9779B5A7D549}.Debug|Any CPU.ActiveCfg = Debug|Any CPU
		{1A4E94F3-EA34-4E30-BD31-9779B5A7D549}.Debug|Any CPU.Build.0 = Debug|Any CPU
		{1A4E94F3-EA34-4E30-BD31-9779B5A7D549}.Release|Any CPU.ActiveCfg = Release|Any CPU
		{1A4E94F3-EA34-4E30-BD31-9779B5A7D549}.Release|Any CPU.Build.0 = Release|Any CPU
		{C2CE32F2-A994-4645-92AB-EF89A13BD422}.Debug|Any CPU.ActiveCfg = Debug|Any CPU
		{C2CE32F2-A994-4645-92AB-EF89A13BD422}.Debug|Any CPU.Build.0 = Debug|Any CPU
		{C2CE32F2-A994-4645-92AB-EF89A13BD422}.Release|Any CPU.ActiveCfg = Release|Any CPU
		{C2CE32F2-A994-4645-92AB-EF89A13BD422}.Release|Any CPU.Build.0 = Release|Any CPU
	EndGlobalSection
	GlobalSection(SolutionProperties) = preSolution
		HideSolutionNode = FALSE
	EndGlobalSection
	GlobalSection(ExtensibilityGlobals) = postSolution
		SolutionGuid = {28149CB1-20D4-4F5C-AF6A-EC6D6F1BF980}
	EndGlobalSection
EndGlobal
